// !$*UTF8*$!
{
	archiveVersion = 1;
	classes = {
	};
	objectVersion = 46;
	objects = {

/* Begin PBXBuildFile section */
		7A29A7971D40A69800701CB0 /* main.m in Sources */ = {isa = PBXBuildFile; fileRef = 7A29A7961D40A69800701CB0 /* main.m */; };
		7A29A79A1D40A69800701CB0 /* AppDelegate.m in Sources */ = {isa = PBXBuildFile; fileRef = 7A29A7991D40A69800701CB0 /* AppDelegate.m */; };
		7A29A79D1D40A69800701CB0 /* ViewController.m in Sources */ = {isa = PBXBuildFile; fileRef = 7A29A79C1D40A69800701CB0 /* ViewController.m */; };
		7A29A7A01D40A69800701CB0 /* Main.storyboard in Resources */ = {isa = PBXBuildFile; fileRef = 7A29A79E1D40A69800701CB0 /* Main.storyboard */; };
		7A29A7A21D40A69800701CB0 /* Assets.xcassets in Resources */ = {isa = PBXBuildFile; fileRef = 7A29A7A11D40A69800701CB0 /* Assets.xcassets */; };
		7A29A7A51D40A69800701CB0 /* LaunchScreen.storyboard in Resources */ = {isa = PBXBuildFile; fileRef = 7A29A7A31D40A69800701CB0 /* LaunchScreen.storyboard */; };
		7A29A7B01D40A69800701CB0 /* _2_CALayer_____Tests.m in Sources */ = {isa = PBXBuildFile; fileRef = 7A29A7AF1D40A69800701CB0 /* _2_CALayer_____Tests.m */; };
		7A29A7BB1D40A69800701CB0 /* _2_CALayer_____UITests.m in Sources */ = {isa = PBXBuildFile; fileRef = 7A29A7BA1D40A69800701CB0 /* _2_CALayer_____UITests.m */; };
		7A29A7C91D40A7BE00701CB0 /* logo_login@3x.png in Resources */ = {isa = PBXBuildFile; fileRef = 7A29A7C81D40A7BE00701CB0 /* logo_login@3x.png */; };
/* End PBXBuildFile section */

/* Begin PBXContainerItemProxy section */
		7A29A7AC1D40A69800701CB0 /* PBXContainerItemProxy */ = {
			isa = PBXContainerItemProxy;
			containerPortal = 7A29A78A1D40A69700701CB0 /* Project object */;
			proxyType = 1;
			remoteGlobalIDString = 7A29A7911D40A69800701CB0;
			remoteInfo = "02-CALayer的一些属性";
		};
		7A29A7B71D40A69800701CB0 /* PBXContainerItemProxy */ = {
			isa = PBXContainerItemProxy;
			containerPortal = 7A29A78A1D40A69700701CB0 /* Project object */;
			proxyType = 1;
			remoteGlobalIDString = 7A29A7911D40A69800701CB0;
			remoteInfo = "02-CALayer的一些属性";
		};
/* End PBXContainerItemProxy section */

/* Begin PBXFileReference section */
		7A29A7921D40A69800701CB0 /* 02-CALayer的一些属性.app */ = {isa = PBXFileReference; explicitFileType = wrapper.application; includeInIndex = 0; path = "02-CALayer的一些属性.app"; sourceTree = BUILT_PRODUCTS_DIR; };
		7A29A7961D40A69800701CB0 /* main.m */ = {isa = PBXFileReference; lastKnownFileType = sourcecode.c.objc; path = main.m; sourceTree = "<group>"; };
		7A29A7981D40A69800701CB0 /* AppDelegate.h */ = {isa = PBXFileReference; lastKnownFileType = sourcecode.c.h; path = AppDelegate.h; sourceTree = "<group>"; };
		7A29A7991D40A69800701CB0 /* AppDelegate.m */ = {isa = PBXFileReference; lastKnownFileType = sourcecode.c.objc; path = AppDelegate.m; sourceTree = "<group>"; };
		7A29A79B1D40A69800701CB0 /* ViewController.h */ = {isa = PBXFileReference; lastKnownFileType = sourcecode.c.h; path = ViewController.h; sourceTree = "<group>"; };
		7A29A79C1D40A69800701CB0 /* ViewController.m */ = {isa = PBXFileReference; lastKnownFileType = sourcecode.c.objc; path = ViewController.m; sourceTree = "<group>"; };
		7A29A79F1D40A69800701CB0 /* Base */ = {isa = PBXFileReference; lastKnownFileType = file.storyboard; name = Base; path = Base.lproj/Main.storyboard; sourceTree = "<group>"; };
		7A29A7A11D40A69800701CB0 /* Assets.xcassets */ = {isa = PBXFileReference; lastKnownFileType = folder.assetcatalog; path = Assets.xcassets; sourceTree = "<group>"; };
		7A29A7A41D40A69800701CB0 /* Base */ = {isa = PBXFileReference; lastKnownFileType = file.storyboard; name = Base; path = Base.lproj/LaunchScreen.storyboard; sourceTree = "<group>"; };
		7A29A7A61D40A69800701CB0 /* Info.plist */ = {isa = PBXFileReference; lastKnownFileType = text.plist.xml; path = Info.plist; sourceTree = "<group>"; };
		7A29A7AB1D40A69800701CB0 /* 02-CALayer的一些属性Tests.xctest */ = {isa = PBXFileReference; explicitFileType = wrapper.cfbundle; includeInIndex = 0; path = "02-CALayer的一些属性Tests.xctest"; sourceTree = BUILT_PRODUCTS_DIR; };
		7A29A7AF1D40A69800701CB0 /* _2_CALayer_____Tests.m */ = {isa = PBXFileReference; lastKnownFileType = sourcecode.c.objc; path = "_2_CALayer_____Tests.m"; sourceTree = "<group>"; };
		7A29A7B11D40A69800701CB0 /* Info.plist */ = {isa = PBXFileReference; lastKnownFileType = text.plist.xml; path = Info.plist; sourceTree = "<group>"; };
		7A29A7B61D40A69800701CB0 /* 02-CALayer的一些属性UITests.xctest */ = {isa = PBXFileReference; explicitFileType = wrapper.cfbundle; includeInIndex = 0; path = "02-CALayer的一些属性UITests.xctest"; sourceTree = BUILT_PRODUCTS_DIR; };
		7A29A7BA1D40A69800701CB0 /* _2_CALayer_____UITests.m */ = {isa = PBXFileReference; lastKnownFileType = sourcecode.c.objc; path = "_2_CALayer_____UITests.m"; sourceTree = "<group>"; };
		7A29A7BC1D40A69800701CB0 /* Info.plist */ = {isa = PBXFileReference; lastKnownFileType = text.plist.xml; path = Info.plist; sourceTree = "<group>"; };
		7A29A7C81D40A7BE00701CB0 /* logo_login@3x.png */ = {isa = PBXFileReference; lastKnownFileType = image.png; path = "logo_login@3x.png"; sourceTree = "<group>"; };
/* End PBXFileReference section */

/* Begin PBXFrameworksBuildPhase section */
		7A29A78F1D40A69800701CB0 /* Frameworks */ = {
			isa = PBXFrameworksBuildPhase;
			buildActionMask = 2147483647;
			files = (
			);
			runOnlyForDeploymentPostprocessing = 0;
		};
		7A29A7A81D40A69800701CB0 /* Frameworks */ = {
			isa = PBXFrameworksBuildPhase;
			buildActionMask = 2147483647;
			files = (
			);
			runOnlyForDeploymentPostprocessing = 0;
		};
		7A29A7B31D40A69800701CB0 /* Frameworks */ = {
			isa = PBXFrameworksBuildPhase;
			buildActionMask = 2147483647;
			files = (
			);
			runOnlyForDeploymentPostprocessing = 0;
		};
/* End PBXFrameworksBuildPhase section */

/* Begin PBXGroup section */
		7A29A7891D40A69700701CB0 = {
			isa = PBXGroup;
			children = (
				7A29A7941D40A69800701CB0 /* 02-CALayer的一些属性 */,
				7A29A7AE1D40A69800701CB0 /* 02-CALayer的一些属性Tests */,
				7A29A7B91D40A69800701CB0 /* 02-CALayer的一些属性UITests */,
				7A29A7931D40A69800701CB0 /* Products */,
			);
			sourceTree = "<group>";
		};
		7A29A7931D40A69800701CB0 /* Products */ = {
			isa = PBXGroup;
			children = (
				7A29A7921D40A69800701CB0 /* 02-CALayer的一些属性.app */,
				7A29A7AB1D40A69800701CB0 /* 02-CALayer的一些属性Tests.xctest */,
				7A29A7B61D40A69800701CB0 /* 02-CALayer的一些属性UITests.xctest */,
			);
			name = Products;
			sourceTree = "<group>";
		};
		7A29A7941D40A69800701CB0 /* 02-CALayer的一些属性 */ = {
			isa = PBXGroup;
			children = (
				7A29A7981D40A69800701CB0 /* AppDelegate.h */,
				7A29A7991D40A69800701CB0 /* AppDelegate.m */,
				7A29A79B1D40A69800701CB0 /* ViewController.h */,
				7A29A79C1D40A69800701CB0 /* ViewController.m */,
				7A29A79E1D40A69800701CB0 /* Main.storyboard */,
				7A29A7A11D40A69800701CB0 /* Assets.xcassets */,
				7A29A7A31D40A69800701CB0 /* LaunchScreen.storyboard */,
				7A29A7A61D40A69800701CB0 /* Info.plist */,
				7A29A7951D40A69800701CB0 /* Supporting Files */,
			);
			path = "02-CALayer的一些属性";
			sourceTree = "<group>";
		};
		7A29A7951D40A69800701CB0 /* Supporting Files */ = {
			isa = PBXGroup;
			children = (
				7A29A7C81D40A7BE00701CB0 /* logo_login@3x.png */,
				7A29A7961D40A69800701CB0 /* main.m */,
			);
			name = "Supporting Files";
			sourceTree = "<group>";
		};
		7A29A7AE1D40A69800701CB0 /* 02-CALayer的一些属性Tests */ = {
			isa = PBXGroup;
			children = (
				7A29A7AF1D40A69800701CB0 /* _2_CALayer_____Tests.m */,
				7A29A7B11D40A69800701CB0 /* Info.plist */,
			);
			path = "02-CALayer的一些属性Tests";
			sourceTree = "<group>";
		};
		7A29A7B91D40A69800701CB0 /* 02-CALayer的一些属性UITests */ = {
			isa = PBXGroup;
			children = (
				7A29A7BA1D40A69800701CB0 /* _2_CALayer_____UITests.m */,
				7A29A7BC1D40A69800701CB0 /* Info.plist */,
			);
			path = "02-CALayer的一些属性UITests";
			sourceTree = "<group>";
		};
/* End PBXGroup section */

/* Begin PBXNativeTarget section */
		7A29A7911D40A69800701CB0 /* 02-CALayer的一些属性 */ = {
			isa = PBXNativeTarget;
			buildConfigurationList = 7A29A7BF1D40A69800701CB0 /* Build configuration list for PBXNativeTarget "02-CALayer的一些属性" */;
			buildPhases = (
				7A29A78E1D40A69800701CB0 /* Sources */,
				7A29A78F1D40A69800701CB0 /* Frameworks */,
				7A29A7901D40A69800701CB0 /* Resources */,
			);
			buildRules = (
			);
			dependencies = (
			);
			name = "02-CALayer的一些属性";
			productName = "02-CALayer的一些属性";
			productReference = 7A29A7921D40A69800701CB0 /* 02-CALayer的一些属性.app */;
			productType = "com.apple.product-type.application";
		};
		7A29A7AA1D40A69800701CB0 /* 02-CALayer的一些属性Tests */ = {
			isa = PBXNativeTarget;
			buildConfigurationList = 7A29A7C21D40A69800701CB0 /* Build configuration list for PBXNativeTarget "02-CALayer的一些属性Tests" */;
			buildPhases = (
				7A29A7A71D40A69800701CB0 /* Sources */,
				7A29A7A81D40A69800701CB0 /* Frameworks */,
				7A29A7A91D40A69800701CB0 /* Resources */,
			);
			buildRules = (
			);
			dependencies = (
				7A29A7AD1D40A69800701CB0 /* PBXTargetDependency */,
			);
			name = "02-CALayer的一些属性Tests";
			productName = "02-CALayer的一些属性Tests";
			productReference = 7A29A7AB1D40A69800701CB0 /* 02-CALayer的一些属性Tests.xctest */;
			productType = "com.apple.product-type.bundle.unit-test";
		};
		7A29A7B51D40A69800701CB0 /* 02-CALayer的一些属性UITests */ = {
			isa = PBXNativeTarget;
			buildConfigurationList = 7A29A7C51D40A69800701CB0 /* Build configuration list for PBXNativeTarget "02-CALayer的一些属性UITests" */;
			buildPhases = (
				7A29A7B21D40A69800701CB0 /* Sources */,
				7A29A7B31D40A69800701CB0 /* Frameworks */,
				7A29A7B41D40A69800701CB0 /* Resources */,
			);
			buildRules = (
			);
			dependencies = (
				7A29A7B81D40A69800701CB0 /* PBXTargetDependency */,
			);
			name = "02-CALayer的一些属性UITests";
			productName = "02-CALayer的一些属性UITests";
			productReference = 7A29A7B61D40A69800701CB0 /* 02-CALayer的一些属性UITests.xctest */;
			productType = "com.apple.product-type.bundle.ui-testing";
		};
/* End PBXNativeTarget section */

/* Begin PBXProject section */
		7A29A78A1D40A69700701CB0 /* Project object */ = {
			isa = PBXProject;
			attributes = {
				LastUpgradeCheck = 0720;
				ORGANIZATIONNAME = "穆康";
				TargetAttributes = {
					7A29A7911D40A69800701CB0 = {
						CreatedOnToolsVersion = 7.2;
					};
					7A29A7AA1D40A69800701CB0 = {
						CreatedOnToolsVersion = 7.2;
						TestTargetID = 7A29A7911D40A69800701CB0;
					};
					7A29A7B51D40A69800701CB0 = {
						CreatedOnToolsVersion = 7.2;
						TestTargetID = 7A29A7911D40A69800701CB0;
					};
				};
			};
			buildConfigurationList = 7A29A78D1D40A69700701CB0 /* Build configuration list for PBXProject "02-CALayer的一些属性" */;
			compatibilityVersion = "Xcode 3.2";
			developmentRegion = English;
			hasScannedForEncodings = 0;
			knownRegions = (
				en,
				Base,
			);
			mainGroup = 7A29A7891D40A69700701CB0;
			productRefGroup = 7A29A7931D40A69800701CB0 /* Products */;
			projectDirPath = "";
			projectRoot = "";
			targets = (
				7A29A7911D40A69800701CB0 /* 02-CALayer的一些属性 */,
				7A29A7AA1D40A69800701CB0 /* 02-CALayer的一些属性Tests */,
				7A29A7B51D40A69800701CB0 /* 02-CALayer的一些属性UITests */,
			);
		};
/* End PBXProject section */

/* Begin PBXResourcesBuildPhase section */
		7A29A7901D40A69800701CB0 /* Resources */ = {
			isa = PBXResourcesBuildPhase;
			buildActionMask = 2147483647;
			files = (
				7A29A7C91D40A7BE00701CB0 /* logo_login@3x.png in Resources */,
				7A29A7A51D40A69800701CB0 /* LaunchScreen.storyboard in Resources */,
				7A29A7A21D40A69800701CB0 /* Assets.xcassets in Resources */,
				7A29A7A01D40A69800701CB0 /* Main.storyboard in Resources */,
			);
			runOnlyForDeploymentPostprocessing = 0;
		};
		7A29A7A91D40A69800701CB0 /* Resources */ = {
			isa = PBXResourcesBuildPhase;
			buildActionMask = 2147483647;
			files = (
			);
			runOnlyForDeploymentPostprocessing = 0;
		};
		7A29A7B41D40A69800701CB0 /* Resources */ = {
			isa = PBXResourcesBuildPhase;
			buildActionMask = 2147483647;
			files = (
			);
			runOnlyForDeploymentPostprocessing = 0;
		};
/* End PBXResourcesBuildPhase section */

/* Begin PBXSourcesBuildPhase section */
		7A29A78E1D40A69800701CB0 /* Sources */ = {
			isa = PBXSourcesBuildPhase;
			buildActionMask = 2147483647;
			files = (
				7A29A79D1D40A69800701CB0 /* ViewController.m in Sources */,
				7A29A79A1D40A69800701CB0 /* AppDelegate.m in Sources */,
				7A29A7971D40A69800701CB0 /* main.m in Sources */,
			);
			runOnlyForDeploymentPostprocessing = 0;
		};
		7A29A7A71D40A69800701CB0 /* Sources */ = {
			isa = PBXSourcesBuildPhase;
			buildActionMask = 2147483647;
			files = (
				7A29A7B01D40A69800701CB0 /* _2_CALayer_____Tests.m in Sources */,
			);
			runOnlyForDeploymentPostprocessing = 0;
		};
		7A29A7B21D40A69800701CB0 /* Sources */ = {
			isa = PBXSourcesBuildPhase;
			buildActionMask = 2147483647;
			files = (
				7A29A7BB1D40A69800701CB0 /* _2_CALayer_____UITests.m in Sources */,
			);
			runOnlyForDeploymentPostprocessing = 0;
		};
/* End PBXSourcesBuildPhase section */

/* Begin PBXTargetDependency section */
		7A29A7AD1D40A69800701CB0 /* PBXTargetDependency */ = {
			isa = PBXTargetDependency;
			target = 7A29A7911D40A69800701CB0 /* 02-CALayer的一些属性 */;
			targetProxy = 7A29A7AC1D40A69800701CB0 /* PBXContainerItemProxy */;
		};
		7A29A7B81D40A69800701CB0 /* PBXTargetDependency */ = {
			isa = PBXTargetDependency;
			target = 7A29A7911D40A69800701CB0 /* 02-CALayer的一些属性 */;
			targetProxy = 7A29A7B71D40A69800701CB0 /* PBXContainerItemProxy */;
		};
/* End PBXTargetDependency section */

/* Begin PBXVariantGroup section */
		7A29A79E1D40A69800701CB0 /* Main.storyboard */ = {
			isa = PBXVariantGroup;
			children = (
				7A29A79F1D40A69800701CB0 /* Base */,
			);
			name = Main.storyboard;
			sourceTree = "<group>";
		};
		7A29A7A31D40A69800701CB0 /* LaunchScreen.storyboard */ = {
			isa = PBXVariantGroup;
			children = (
				7A29A7A41D40A69800701CB0 /* Base */,
			);
			name = LaunchScreen.storyboard;
			sourceTree = "<group>";
		};
/* End PBXVariantGroup section */

/* Begin XCBuildConfiguration section */
		7A29A7BD1D40A69800701CB0 /* Debug */ = {
			isa = XCBuildConfiguration;
			buildSettings = {
				ALWAYS_SEARCH_USER_PATHS = NO;
				CLANG_CXX_LANGUAGE_STANDARD = "gnu++0x";
				CLANG_CXX_LIBRARY = "libc++";
				CLANG_ENABLE_MODULES = YES;
				CLANG_ENABLE_OBJC_ARC = YES;
				CLANG_WARN_BOOL_CONVERSION = YES;
				CLANG_WARN_CONSTANT_CONVERSION = YES;
				CLANG_WARN_DIRECT_OBJC_ISA_USAGE = YES_ERROR;
				CLANG_WARN_EMPTY_BODY = YES;
				CLANG_WARN_ENUM_CONVERSION = YES;
				CLANG_WARN_INT_CONVERSION = YES;
				CLANG_WARN_OBJC_ROOT_CLASS = YES_ERROR;
				CLANG_WARN_UNREACHABLE_CODE = YES;
				CLANG_WARN__DUPLICATE_METHOD_MATCH = YES;
				"CODE_SIGN_IDENTITY[sdk=iphoneos*]" = "iPhone Developer";
				COPY_PHASE_STRIP = NO;
				DEBUG_INFORMATION_FORMAT = dwarf;
				ENABLE_STRICT_OBJC_MSGSEND = YES;
				ENABLE_TESTABILITY = YES;
				GCC_C_LANGUAGE_STANDARD = gnu99;
				GCC_DYNAMIC_NO_PIC = NO;
				GCC_NO_COMMON_BLOCKS = YES;
				GCC_OPTIMIZATION_LEVEL = 0;
				GCC_PREPROCESSOR_DEFINITIONS = (
					"DEBUG=1",
					"$(inherited)",
				);
				GCC_WARN_64_TO_32_BIT_CONVERSION = YES;
				GCC_WARN_ABOUT_RETURN_TYPE = YES_ERROR;
				GCC_WARN_UNDECLARED_SELECTOR = YES;
				GCC_WARN_UNINITIALIZED_AUTOS = YES_AGGRESSIVE;
				GCC_WARN_UNUSED_FUNCTION = YES;
				GCC_WARN_UNUSED_VARIABLE = YES;
				IPHONEOS_DEPLOYMENT_TARGET = 9.2;
				MTL_ENABLE_DEBUG_INFO = YES;
				ONLY_ACTIVE_ARCH = YES;
				SDKROOT = iphoneos;
			};
			name = Debug;
		};
		7A29A7BE1D40A69800701CB0 /* Release */ = {
			isa = XCBuildConfiguration;
			buildSettings = {
				ALWAYS_SEARCH_USER_PATHS = NO;
				CLANG_CXX_LANGUAGE_STANDARD = "gnu++0x";
				CLANG_CXX_LIBRARY = "libc++";
				CLANG_ENABLE_MODULES = YES;
				CLANG_ENABLE_OBJC_ARC = YES;
				CLANG_WARN_BOOL_CONVERSION = YES;
				CLANG_WARN_CONSTANT_CONVERSION = YES;
				CLANG_WARN_DIRECT_OBJC_ISA_USAGE = YES_ERROR;
				CLANG_WARN_EMPTY_BODY = YES;
				CLANG_WARN_ENUM_CONVERSION = YES;
				CLANG_WARN_INT_CONVERSION = YES;
				CLANG_WARN_OBJC_ROOT_CLASS = YES_ERROR;
				CLANG_WARN_UNREACHABLE_CODE = YES;
				CLANG_WARN__DUPLICATE_METHOD_MATCH = YES;
				"CODE_SIGN_IDENTITY[sdk=iphoneos*]" = "iPhone Developer";
				COPY_PHASE_STRIP = NO;
				DEBUG_INFORMATION_FORMAT = "dwarf-with-dsym";
				ENABLE_NS_ASSERTIONS = NO;
				ENABLE_STRICT_OBJC_MSGSEND = YES;
				GCC_C_LANGUAGE_STANDARD = gnu99;
				GCC_NO_COMMON_BLOCKS = YES;
				GCC_WARN_64_TO_32_BIT_CONVERSION = YES;
				GCC_WARN_ABOUT_RETURN_TYPE = YES_ERROR;
				GCC_WARN_UNDECLARED_SELECTOR = YES;
				GCC_WARN_UNINITIALIZED_AUTOS = YES_AGGRESSIVE;
				GCC_WARN_UNUSED_FUNCTION = YES;
				GCC_WARN_UNUSED_VARIABLE = YES;
				IPHONEOS_DEPLOYMENT_TARGET = 9.2;
				MTL_ENABLE_DEBUG_INFO = NO;
				SDKROOT = iphoneos;
				VALIDATE_PRODUCT = YES;
			};
			name = Release;
		};
		7A29A7C01D40A69800701CB0 /* Debug */ = {
			isa = XCBuildConfiguration;
			buildSettings = {
				ASSETCATALOG_COMPILER_APPICON_NAME = AppIcon;
				INFOPLIST_FILE = "02-CALayer的一些属性/Info.plist";
				LD_RUNPATH_SEARCH_PATHS = "$(inherited) @executable_path/Frameworks";
				PRODUCT_BUNDLE_IDENTIFIER = "com.juyi.-2-CALayer-----";
				PRODUCT_NAME = "$(TARGET_NAME)";
			};
			name = Debug;
		};
		7A29A7C11D40A69800701CB0 /* Release */ = {
			isa = XCBuildConfiguration;
			buildSettings = {
				ASSETCATALOG_COMPILER_APPICON_NAME = AppIcon;
				INFOPLIST_FILE = "02-CALayer的一些属性/Info.plist";
				LD_RUNPATH_SEARCH_PATHS = "$(inherited) @executable_path/Frameworks";
				PRODUCT_BUNDLE_IDENTIFIER = "com.juyi.-2-CALayer-----";
				PRODUCT_NAME = "$(TARGET_NAME)";
			};
			name = Release;
		};
		7A29A7C31D40A69800701CB0 /* Debug */ = {
			isa = XCBuildConfiguration;
			buildSettings = {
				BUNDLE_LOADER = "$(TEST_HOST)";
				INFOPLIST_FILE = "02-CALayer的一些属性Tests/Info.plist";
				LD_RUNPATH_SEARCH_PATHS = "$(inherited) @executable_path/Frameworks @loader_path/Frameworks";
				PRODUCT_BUNDLE_IDENTIFIER = "com.juyi.-2-CALayer-----Tests";
				PRODUCT_NAME = "$(TARGET_NAME)";
				TEST_HOST = "$(BUILT_PRODUCTS_DIR)/02-CALayer的一些属性.app/02-CALayer的一些属性";
			};
			name = Debug;
		};
		7A29A7C41D40A69800701CB0 /* Release */ = {
			isa = XCBuildConfiguration;
			buildSettings = {
				BUNDLE_LOADER = "$(TEST_HOST)";
				INFOPLIST_FILE = "02-CALayer的一些属性Tests/Info.plist";
				LD_RUNPATH_SEARCH_PATHS = "$(inherited) @executable_path/Frameworks @loader_path/Frameworks";
				PRODUCT_BUNDLE_IDENTIFIER = "com.juyi.-2-CALayer-----Tests";
				PRODUCT_NAME = "$(TARGET_NAME)";
				TEST_HOST = "$(BUILT_PRODUCTS_DIR)/02-CALayer的一些属性.app/02-CALayer的一些属性";
			};
			name = Release;
		};
		7A29A7C61D40A69800701CB0 /* Debug */ = {
			isa = XCBuildConfiguration;
			buildSettings = {
				INFOPLIST_FILE = "02-CALayer的一些属性UITests/Info.plist";
				LD_RUNPATH_SEARCH_PATHS = "$(inherited) @executable_path/Frameworks @loader_path/Frameworks";
				PRODUCT_BUNDLE_IDENTIFIER = "com.juyi.-2-CALayer-----UITests";
				PRODUCT_NAME = "$(TARGET_NAME)";
				TEST_TARGET_NAME = "02-CALayer的一些属性";
				USES_XCTRUNNER = YES;
			};
			name = Debug;
		};
		7A29A7C71D40A69800701CB0 /* Release */ = {
			isa = XCBuildConfiguration;
			buildSettings = {
				INFOPLIST_FILE = "02-CALayer的一些属性UITests/Info.plist";
				LD_RUNPATH_SEARCH_PATHS = "$(inherited) @executable_path/Frameworks @loader_path/Frameworks";
				PRODUCT_BUNDLE_IDENTIFIER = "com.juyi.-2-CALayer-----UITests";
				PRODUCT_NAME = "$(TARGET_NAME)";
				TEST_TARGET_NAME = "02-CALayer的一些属性";
				USES_XCTRUNNER = YES;
			};
			name = Release;
		};
/* End XCBuildConfiguration section */

/* Begin XCConfigurationList section */
		7A29A78D1D40A69700701CB0 /* Build configuration list for PBXProject "02-CALayer的一些属性" */ = {
			isa = XCConfigurationList;
			buildConfigurations = (
				7A29A7BD1D40A69800701CB0 /* Debug */,
				7A29A7BE1D40A69800701CB0 /* Release */,
			);
			defaultConfigurationIsVisible = 0;
			defaultConfigurationName = Release;
		};
		7A29A7BF1D40A69800701CB0 /* Build configuration list for PBXNativeTarget "02-CALayer的一些属性" */ = {
			isa = XCConfigurationList;
			buildConfigurations = (
				7A29A7C01D40A69800701CB0 /* Debug */,
				7A29A7C11D40A69800701CB0 /* Release */,
			);
			defaultConfigurationIsVisible = 0;
		};
		7A29A7C21D40A69800701CB0 /* Build configuration list for PBXNativeTarget "02-CALayer的一些属性Tests" */ = {
			isa = XCConfigurationList;
			buildConfigurations = (
				7A29A7C31D40A69800701CB0 /* Debug */,
				7A29A7C41D40A69800701CB0 /* Release */,
			);
			defaultConfigurationIsVisible = 0;
		};
		7A29A7C51D40A69800701CB0 /* Build configuration list for PBXNativeTarget "02-CALayer的一些属性UITests" */ = {
			isa = XCConfigurationList;
			buildConfigurations = (
				7A29A7C61D40A69800701CB0 /* Debug */,
				7A29A7C71D40A69800701CB0 /* Release */,
			);
			defaultConfigurationIsVisible = 0;
		};
/* End XCConfigurationList section */
	};
	rootObject = 7A29A78A1D40A69700701CB0 /* Project object */;
}
